// !$*UTF8*$!
{
	archiveVersion = 1;
	classes = {
	};
	objectVersion = 51;
	objects = {

/* Begin PBXBuildFile section */
		D20AEBC022C2A682003F6153 /* FeedbackViewController.swift in Sources */ = {isa = PBXBuildFile; fileRef = D20AEBBF22C2A682003F6153 /* FeedbackViewController.swift */; };
		D20F14F622C15153001CBC4F /* service.php in Resources */ = {isa = PBXBuildFile; fileRef = D20F14F522C15153001CBC4F /* service.php */; };
		D21A68F722B278AB003EF706 /* MapViewController.swift in Sources */ = {isa = PBXBuildFile; fileRef = D21A68F622B278AB003EF706 /* MapViewController.swift */; };
		D21A68FB22B29A16003EF706 /* MapKit.framework in Frameworks */ = {isa = PBXBuildFile; fileRef = D21A68FA22B29A16003EF706 /* MapKit.framework */; };
		D27D77AF22AFE57E0073522C /* CustomButton.swift in Sources */ = {isa = PBXBuildFile; fileRef = D27D77AE22AFE57E0073522C /* CustomButton.swift */; };
		D27D77B522AFF2760073522C /* Podfile in Resources */ = {isa = PBXBuildFile; fileRef = D27D77B422AFF2760073522C /* Podfile */; };
		D296BB9522C2AB2F00C6239E /* Maven.png in Resources */ = {isa = PBXBuildFile; fileRef = D296BB3922C2AB2A00C6239E /* Maven.png */; };
		D296BB9622C2AB2F00C6239E /* Annapolis.png in Resources */ = {isa = PBXBuildFile; fileRef = D296BB3A22C2AB2A00C6239E /* Annapolis.png */; };
		D296BB9722C2AB2F00C6239E /* Logo.png in Resources */ = {isa = PBXBuildFile; fileRef = D296BB3B22C2AB2A00C6239E /* Logo.png */; };
		D296BB9822C2AB2F00C6239E /* BicycleSpecialist.png in Resources */ = {isa = PBXBuildFile; fileRef = D296BB3C22C2AB2A00C6239E /* BicycleSpecialist.png */; };
		D296BB9922C2AB2F00C6239E /* Building.png in Resources */ = {isa = PBXBuildFile; fileRef = D296BB3D22C2AB2A00C6239E /* Building.png */; };
		D296BB9A22C2AB2F00C6239E /* Stuart.png in Resources */ = {isa = PBXBuildFile; fileRef = D296BB3E22C2AB2A00C6239E /* Stuart.png */; };
		D296BB9B22C2AB2F00C6239E /* 58.png in Resources */ = {isa = PBXBuildFile; fileRef = D296BB3F22C2AB2A00C6239E /* 58.png */; };
		D296BB9C22C2AB2F00C6239E /* LaceyMines.png in Resources */ = {isa = PBXBuildFile; fileRef = D296BB4022C2AB2B00C6239E /* LaceyMines.png */; };
		D296BB9D22C2AB2F00C6239E /* Hubbards.png in Resources */ = {isa = PBXBuildFile; fileRef = D296BB4122C2AB2B00C6239E /* Hubbards.png */; };
		D296BB9E22C2AB2F00C6239E /* RumbLine.png in Resources */ = {isa = PBXBuildFile; fileRef = D296BB4222C2AB2B00C6239E /* RumbLine.png */; };
		D296BB9F22C2AB2F00C6239E /* Hants-Exhibition-Grounds.png in Resources */ = {isa = PBXBuildFile; fileRef = D296BB4322C2AB2B00C6239E /* Hants-Exhibition-Grounds.png */; };
		D296BBA022C2AB2F00C6239E /* CloudNineNovelties.png in Resources */ = {isa = PBXBuildFile; fileRef = D296BB4422C2AB2B00C6239E /* CloudNineNovelties.png */; };
		D296BBA122C2AB2F00C6239E /* Breton.png in Resources */ = {isa = PBXBuildFile; fileRef = D296BB4522C2AB2B00C6239E /* Breton.png */; };
		D296BBA222C2AB2F00C6239E /* Northumberland.png in Resources */ = {isa = PBXBuildFile; fileRef = D296BB4622C2AB2B00C6239E /* Northumberland.png */; };
		D296BBA322C2AB2F00C6239E /* Scotsman.png in Resources */ = {isa = PBXBuildFile; fileRef = D296BB4722C2AB2B00C6239E /* Scotsman.png */; };
		D296BBA422C2AB2F00C6239E /* Saltbox.png in Resources */ = {isa = PBXBuildFile; fileRef = D296BB4822C2AB2B00C6239E /* Saltbox.png */; };
		D296BBA522C2AB2F00C6239E /* Mecklenburg.png in Resources */ = {isa = PBXBuildFile; fileRef = D296BB4922C2AB2B00C6239E /* Mecklenburg.png */; };
		D296BBA622C2AB2F00C6239E /* Velofix.png in Resources */ = {isa = PBXBuildFile; fileRef = D296BB4A22C2AB2B00C6239E /* Velofix.png */; };
		D296BBA722C2AB2F00C6239E /* Bike&Bean.png in Resources */ = {isa = PBXBuildFile; fileRef = D296BB4B22C2AB2B00C6239E /* Bike&Bean.png */; };
		D296BBA822C2AB2F00C6239E /* Apron.png in Resources */ = {isa = PBXBuildFile; fileRef = D296BB4C22C2AB2B00C6239E /* Apron.png */; };
		D296BBA922C2AB2F00C6239E /* OceanStone.png in Resources */ = {isa = PBXBuildFile; fileRef = D296BB4D22C2AB2B00C6239E /* OceanStone.png */; };
		D296BBAA22C2AB2F00C6239E /* Bike Shop.png in Resources */ = {isa = PBXBuildFile; fileRef = D296BB4E22C2AB2B00C6239E /* Bike Shop.png */; };
		D296BBAB22C2AB2F00C6239E /* Mercator-Vineyards.png in Resources */ = {isa = PBXBuildFile; fileRef = D296BB4F22C2AB2B00C6239E /* Mercator-Vineyards.png */; };
		D296BBAC22C2AB2F00C6239E /* FacebookLogo.png in Resources */ = {isa = PBXBuildFile; fileRef = D296BB5022C2AB2B00C6239E /* FacebookLogo.png */; };
		D296BBAD22C2AB2F00C6239E /* Digby.png in Resources */ = {isa = PBXBuildFile; fileRef = D296BB5122C2AB2B00C6239E /* Digby.png */; };
		D296BBAE22C2AB2F00C6239E /* Attraction.png in Resources */ = {isa = PBXBuildFile; fileRef = D296BB5222C2AB2B00C6239E /* Attraction.png */; };
		D296BBAF22C2AB2F00C6239E /* BikeMonkey.png in Resources */ = {isa = PBXBuildFile; fileRef = D296BB5322C2AB2B00C6239E /* BikeMonkey.png */; };
		D296BBB022C2AB2F00C6239E /* eye.png in Resources */ = {isa = PBXBuildFile; fileRef = D296BB5422C2AB2B00C6239E /* eye.png */; };
		D296BBB122C2AB2F00C6239E /* BurlingtonRose.png in Resources */ = {isa = PBXBuildFile; fileRef = D296BB5522C2AB2B00C6239E /* BurlingtonRose.png */; };
		D296BBB222C2AB2F00C6239E /* The_Bicycle_Lunchbox.png in Resources */ = {isa = PBXBuildFile; fileRef = D296BB5622C2AB2B00C6239E /* The_Bicycle_Lunchbox.png */; };
		D296BBB322C2AB2F00C6239E /* write-letter.png in Resources */ = {isa = PBXBuildFile; fileRef = D296BB5722C2AB2C00C6239E /* write-letter.png */; };
		D296BBB422C2AB2F00C6239E /* Lanes.png in Resources */ = {isa = PBXBuildFile; fileRef = D296BB5822C2AB2C00C6239E /* Lanes.png */; };
		D296BBB522C2AB2F00C6239E /* Cycles-Guitars.png in Resources */ = {isa = PBXBuildFile; fileRef = D296BB5922C2AB2C00C6239E /* Cycles-Guitars.png */; };
		D296BBB622C2AB2F00C6239E /* Cyclesmith.png in Resources */ = {isa = PBXBuildFile; fileRef = D296BB5A22C2AB2C00C6239E /* Cyclesmith.png */; };
		D296BBB722C2AB2F00C6239E /* CathedralChurch.png in Resources */ = {isa = PBXBuildFile; fileRef = D296BB5B22C2AB2C00C6239E /* CathedralChurch.png */; };
		D296BBB822C2AB2F00C6239E /* Lunchbox.png in Resources */ = {isa = PBXBuildFile; fileRef = D296BB5C22C2AB2C00C6239E /* Lunchbox.png */; };
		D296BBB922C2AB2F00C6239E /* 87.png in Resources */ = {isa = PBXBuildFile; fileRef = D296BB5D22C2AB2C00C6239E /* 87.png */; };
		D296BBBA22C2AB2F00C6239E /* Logo-White-BG.png in Resources */ = {isa = PBXBuildFile; fileRef = D296BB5E22C2AB2C00C6239E /* Logo-White-BG.png */; };
		D296BBBB22C2AB2F00C6239E /* GoodRobot.png in Resources */ = {isa = PBXBuildFile; fileRef = D296BB5F22C2AB2C00C6239E /* GoodRobot.png */; };
		D296BBBC22C2AB2F00C6239E /* Berwick&District.png in Resources */ = {isa = PBXBuildFile; fileRef = D296BB6022C2AB2C00C6239E /* Berwick&District.png */; };
		D296BBBD22C2AB2F00C6239E /* 120.png in Resources */ = {isa = PBXBuildFile; fileRef = D296BB6122C2AB2C00C6239E /* 120.png */; };
		D296BBBE22C2AB2F00C6239E /* Best-Western-Plus.png in Resources */ = {isa = PBXBuildFile; fileRef = D296BB6222C2AB2C00C6239E /* Best-Western-Plus.png */; };
		D296BBBF22C2AB2F00C6239E /* MEC.png in Resources */ = {isa = PBXBuildFile; fileRef = D296BB6322C2AB2C00C6239E /* MEC.png */; };
		D296BBC022C2AB2F00C6239E /* Flag.png in Resources */ = {isa = PBXBuildFile; fileRef = D296BB6422C2AB2C00C6239E /* Flag.png */; };
		D296BBC122C2AB2F00C6239E /* BayFerry.png in Resources */ = {isa = PBXBuildFile; fileRef = D296BB6522C2AB2C00C6239E /* BayFerry.png */; };
		D296BBC222C2AB2F00C6239E /* 80.png in Resources */ = {isa = PBXBuildFile; fileRef = D296BB6622C2AB2D00C6239E /* 80.png */; };
		D296BBC322C2AB2F00C6239E /* HubCycle.png in Resources */ = {isa = PBXBuildFile; fileRef = D296BB6722C2AB2D00C6239E /* HubCycle.png */; };
		D296BBC422C2AB2F00C6239E /* Mabou.png in Resources */ = {isa = PBXBuildFile; fileRef = D296BB6822C2AB2D00C6239E /* Mabou.png */; };
		D296BBC522C2AB2F00C6239E /* NewGlasgow.png in Resources */ = {isa = PBXBuildFile; fileRef = D296BB6922C2AB2D00C6239E /* NewGlasgow.png */; };
		D296BBC622C2AB2F00C6239E /* AKTC.png in Resources */ = {isa = PBXBuildFile; fileRef = D296BB6A22C2AB2D00C6239E /* AKTC.png */; };
		D296BBC722C2AB2F00C6239E /* OutsideOutdoor.png in Resources */ = {isa = PBXBuildFile; fileRef = D296BB6B22C2AB2D00C6239E /* OutsideOutdoor.png */; };
		D296BBC822C2AB2F00C6239E /* Sportwheels.png in Resources */ = {isa = PBXBuildFile; fileRef = D296BB6C22C2AB2D00C6239E /* Sportwheels.png */; };
		D296BBC922C2AB2F00C6239E /* Frameworks.png in Resources */ = {isa = PBXBuildFile; fileRef = D296BB6D22C2AB2D00C6239E /* Frameworks.png */; };
		D296BBCA22C2AB2F00C6239E /* Camping.png in Resources */ = {isa = PBXBuildFile; fileRef = D296BB6E22C2AB2D00C6239E /* Camping.png */; };
		D296BBCB22C2AB2F00C6239E /* Earltown.png in Resources */ = {isa = PBXBuildFile; fileRef = D296BB6F22C2AB2D00C6239E /* Earltown.png */; };
		D296BBCC22C2AB2F00C6239E /* UnionStreet.png in Resources */ = {isa = PBXBuildFile; fileRef = D296BB7022C2AB2D00C6239E /* UnionStreet.png */; };
		D296BBCD22C2AB2F00C6239E /* BanksBikes.png in Resources */ = {isa = PBXBuildFile; fileRef = D296BB7122C2AB2D00C6239E /* BanksBikes.png */; };
		D296BBCE22C2AB2F00C6239E /* GardenHouse.png in Resources */ = {isa = PBXBuildFile; fileRef = D296BB7222C2AB2D00C6239E /* GardenHouse.png */; };
		D296BBCF22C2AB2F00C6239E /* Liscomb.png in Resources */ = {isa = PBXBuildFile; fileRef = D296BB7322C2AB2D00C6239E /* Liscomb.png */; };
		D296BBD022C2AB2F00C6239E /* RiverRidge.png in Resources */ = {isa = PBXBuildFile; fileRef = D296BB7422C2AB2E00C6239E /* RiverRidge.png */; };
		D296BBD122C2AB2F00C6239E /* Queens-Place.png in Resources */ = {isa = PBXBuildFile; fileRef = D296BB7522C2AB2E00C6239E /* Queens-Place.png */; };
		D296BBD222C2AB2F00C6239E /* DancingGoat.png in Resources */ = {isa = PBXBuildFile; fileRef = D296BB7622C2AB2E00C6239E /* DancingGoat.png */; };
		D296BBD322C2AB2F00C6239E /* Restaurant.png in Resources */ = {isa = PBXBuildFile; fileRef = D296BB7722C2AB2E00C6239E /* Restaurant.png */; };
		D296BBD422C2AB2F00C6239E /* Spoke&Note.png in Resources */ = {isa = PBXBuildFile; fileRef = D296BB7822C2AB2E00C6239E /* Spoke&Note.png */; };
		D296BBD522C2AB2F00C6239E /* House.png in Resources */ = {isa = PBXBuildFile; fileRef = D296BB7922C2AB2E00C6239E /* House.png */; };
		D296BBD622C2AB2F00C6239E /* Garrison.png in Resources */ = {isa = PBXBuildFile; fileRef = D296BB7A22C2AB2E00C6239E /* Garrison.png */; };
		D296BBD722C2AB2F00C6239E /* VeloBaie.png in Resources */ = {isa = PBXBuildFile; fileRef = D296BB7B22C2AB2E00C6239E /* VeloBaie.png */; };
		D296BBD822C2AB2F00C6239E /* Wiles-Lake.png in Resources */ = {isa = PBXBuildFile; fileRef = D296BB7C22C2AB2E00C6239E /* Wiles-Lake.png */; };
		D296BBD922C2AB2F00C6239E /* DuncansPub.png in Resources */ = {isa = PBXBuildFile; fileRef = D296BB7D22C2AB2E00C6239E /* DuncansPub.png */; };
		D296BBDA22C2AB2F00C6239E /* homepage.jpeg in Resources */ = {isa = PBXBuildFile; fileRef = D296BB7E22C2AB2E00C6239E /* homepage.jpeg */; };
		D296BBDB22C2AB2F00C6239E /* JavaBlend.png in Resources */ = {isa = PBXBuildFile; fileRef = D296BB7F22C2AB2E00C6239E /* JavaBlend.png */; };
		D296BBDC22C2AB2F00C6239E /* HeartBikes.png in Resources */ = {isa = PBXBuildFile; fileRef = D296BB8022C2AB2E00C6239E /* HeartBikes.png */; };
		D296BBDD22C2AB2F00C6239E /* Kiwi.png in Resources */ = {isa = PBXBuildFile; fileRef = D296BB8122C2AB2E00C6239E /* Kiwi.png */; };
		D296BBDE22C2AB2F00C6239E /* BearRiver.png in Resources */ = {isa = PBXBuildFile; fileRef = D296BB8222C2AB2E00C6239E /* BearRiver.png */; };
		D296BBDF22C2AB2F00C6239E /* Highland.png in Resources */ = {isa = PBXBuildFile; fileRef = D296BB8322C2AB2E00C6239E /* Highland.png */; };
		D296BBE022C2AB2F00C6239E /* BernArt.png in Resources */ = {isa = PBXBuildFile; fileRef = D296BB8422C2AB2E00C6239E /* BernArt.png */; };
		D296BBE122C2AB2F00C6239E /* Francis.png in Resources */ = {isa = PBXBuildFile; fileRef = D296BB8522C2AB2E00C6239E /* Francis.png */; };
		D296BBE222C2AB2F00C6239E /* IdealBikes.png in Resources */ = {isa = PBXBuildFile; fileRef = D296BB8622C2AB2E00C6239E /* IdealBikes.png */; };
		D296BBE322C2AB2F00C6239E /* iFIT.png in Resources */ = {isa = PBXBuildFile; fileRef = D296BB8722C2AB2E00C6239E /* iFIT.png */; };
		D296BBE422C2AB2F00C6239E /* Meander-Brewery.png in Resources */ = {isa = PBXBuildFile; fileRef = D296BB8822C2AB2E00C6239E /* Meander-Brewery.png */; };
		D296BBE522C2AB2F00C6239E /* KaulbachHouse.png in Resources */ = {isa = PBXBuildFile; fileRef = D296BB8922C2AB2E00C6239E /* KaulbachHouse.png */; };
		D296BBE622C2AB2F00C6239E /* Oak.png in Resources */ = {isa = PBXBuildFile; fileRef = D296BB8A22C2AB2E00C6239E /* Oak.png */; };
		D296BBE722C2AB2F00C6239E /* HarbourGuesthouse.png in Resources */ = {isa = PBXBuildFile; fileRef = D296BB8B22C2AB2F00C6239E /* HarbourGuesthouse.png */; };
		D296BBE822C2AB2F00C6239E /* Pavia.png in Resources */ = {isa = PBXBuildFile; fileRef = D296BB8C22C2AB2F00C6239E /* Pavia.png */; };
		D296BBE922C2AB2F00C6239E /* Holiday-Inn.png in Resources */ = {isa = PBXBuildFile; fileRef = D296BB8D22C2AB2F00C6239E /* Holiday-Inn.png */; };
		D296BBEA22C2AB2F00C6239E /* Schoolhouse.png in Resources */ = {isa = PBXBuildFile; fileRef = D296BB8E22C2AB2F00C6239E /* Schoolhouse.png */; };
		D296BBEB22C2AB2F00C6239E /* Jeffs.png in Resources */ = {isa = PBXBuildFile; fileRef = D296BB8F22C2AB2F00C6239E /* Jeffs.png */; };
		D296BBEC22C2AB2F00C6239E /* SnowWhite.png in Resources */ = {isa = PBXBuildFile; fileRef = D296BB9022C2AB2F00C6239E /* SnowWhite.png */; };
		D296BBED22C2AB2F00C6239E /* SchoolhouseBrewery.png in Resources */ = {isa = PBXBuildFile; fileRef = D296BB9122C2AB2F00C6239E /* SchoolhouseBrewery.png */; };
		D296BBEE22C2AB2F00C6239E /* SweetRide.png in Resources */ = {isa = PBXBuildFile; fileRef = D296BB9222C2AB2F00C6239E /* SweetRide.png */; };
		D296BBEF22C2AB2F00C6239E /* TangledGardens.png in Resources */ = {isa = PBXBuildFile; fileRef = D296BB9322C2AB2F00C6239E /* TangledGardens.png */; };
		D296BBF022C2AB2F00C6239E /* Tanner.png in Resources */ = {isa = PBXBuildFile; fileRef = D296BB9422C2AB2F00C6239E /* Tanner.png */; };
		D299120022C15BB500164FC5 /* Company.swift in Sources */ = {isa = PBXBuildFile; fileRef = D29911FF22C15BB500164FC5 /* Company.swift */; };
		D299120222C24B4B00164FC5 /* JSONParser.swift in Sources */ = {isa = PBXBuildFile; fileRef = D299120122C24B4B00164FC5 /* JSONParser.swift */; };
		D29D3B5422AFD11C002BF17B /* AppDelegate.swift in Sources */ = {isa = PBXBuildFile; fileRef = D29D3B5322AFD11C002BF17B /* AppDelegate.swift */; };
		D29D3B5622AFD11C002BF17B /* HomeViewController.swift in Sources */ = {isa = PBXBuildFile; fileRef = D29D3B5522AFD11C002BF17B /* HomeViewController.swift */; };
		D29D3B5922AFD11C002BF17B /* Main.storyboard in Resources */ = {isa = PBXBuildFile; fileRef = D29D3B5722AFD11C002BF17B /* Main.storyboard */; };
		D29D3B5B22AFD11E002BF17B /* Assets.xcassets in Resources */ = {isa = PBXBuildFile; fileRef = D29D3B5A22AFD11E002BF17B /* Assets.xcassets */; };
		D29D3B5E22AFD11E002BF17B /* LaunchScreen.storyboard in Resources */ = {isa = PBXBuildFile; fileRef = D29D3B5C22AFD11E002BF17B /* LaunchScreen.storyboard */; };
		D29D3B6922AFD11E002BF17B /* BikeFriendlyNSTests.swift in Sources */ = {isa = PBXBuildFile; fileRef = D29D3B6822AFD11E002BF17B /* BikeFriendlyNSTests.swift */; };
		D29D3B7422AFD11E002BF17B /* BikeFriendlyNSUITests.swift in Sources */ = {isa = PBXBuildFile; fileRef = D29D3B7322AFD11E002BF17B /* BikeFriendlyNSUITests.swift */; };
		D2DD295522B7C737002C53CC /* LocationDetailViewController.swift in Sources */ = {isa = PBXBuildFile; fileRef = D2DD295422B7C737002C53CC /* LocationDetailViewController.swift */; };
		D2E8AB4922C3A67700FBB5B5 /* MessageUI.framework in Frameworks */ = {isa = PBXBuildFile; fileRef = D2E8AB4822C3A67700FBB5B5 /* MessageUI.framework */; };
		F097ECE34D1C73500617111D /* libPods-BikeFriendlyNS.a in Frameworks */ = {isa = PBXBuildFile; fileRef = FD3D4E77938BE128B83D6932 /* libPods-BikeFriendlyNS.a */; };
/* End PBXBuildFile section */

/* Begin PBXContainerItemProxy section */
		D29D3B6522AFD11E002BF17B /* PBXContainerItemProxy */ = {
			isa = PBXContainerItemProxy;
			containerPortal = D29D3B4822AFD11C002BF17B /* Project object */;
			proxyType = 1;
			remoteGlobalIDString = D29D3B4F22AFD11C002BF17B;
			remoteInfo = BIkeFriendlyNS;
		};
		D29D3B7022AFD11E002BF17B /* PBXContainerItemProxy */ = {
			isa = PBXContainerItemProxy;
			containerPortal = D29D3B4822AFD11C002BF17B /* Project object */;
			proxyType = 1;
			remoteGlobalIDString = D29D3B4F22AFD11C002BF17B;
			remoteInfo = BIkeFriendlyNS;
		};
/* End PBXContainerItemProxy section */

/* Begin PBXFileReference section */
		415E7E9CABD003DA81EBD84F /* Pods-BikeFriendlyNS.debug.xcconfig */ = {isa = PBXFileReference; includeInIndex = 1; lastKnownFileType = text.xcconfig; name = "Pods-BikeFriendlyNS.debug.xcconfig"; path = "Target Support Files/Pods-BikeFriendlyNS/Pods-BikeFriendlyNS.debug.xcconfig"; sourceTree = "<group>"; };
		B8AF5EF63A49A926D30DA0D8 /* Pods-BikeFriendlyNS.release.xcconfig */ = {isa = PBXFileReference; includeInIndex = 1; lastKnownFileType = text.xcconfig; name = "Pods-BikeFriendlyNS.release.xcconfig"; path = "Target Support Files/Pods-BikeFriendlyNS/Pods-BikeFriendlyNS.release.xcconfig"; sourceTree = "<group>"; };
		D20AEBBF22C2A682003F6153 /* FeedbackViewController.swift */ = {isa = PBXFileReference; lastKnownFileType = sourcecode.swift; path = FeedbackViewController.swift; sourceTree = "<group>"; };
		D20F14F522C15153001CBC4F /* service.php */ = {isa = PBXFileReference; lastKnownFileType = text.script.php; path = service.php; sourceTree = "<group>"; };
		D21A68F622B278AB003EF706 /* MapViewController.swift */ = {isa = PBXFileReference; lastKnownFileType = sourcecode.swift; name = MapViewController.swift; path = BikeFriendlyNS/Controller/MapViewController.swift; sourceTree = SOURCE_ROOT; };
		D21A68FA22B29A16003EF706 /* MapKit.framework */ = {isa = PBXFileReference; lastKnownFileType = wrapper.framework; name = MapKit.framework; path = System/Library/Frameworks/MapKit.framework; sourceTree = SDKROOT; };
		D27D77AE22AFE57E0073522C /* CustomButton.swift */ = {isa = PBXFileReference; lastKnownFileType = sourcecode.swift; path = CustomButton.swift; sourceTree = "<group>"; };
		D27D77B422AFF2760073522C /* Podfile */ = {isa = PBXFileReference; lastKnownFileType = text; path = Podfile; sourceTree = "<group>"; xcLanguageSpecificationIdentifier = xcode.lang.ruby; };
		D296BB3922C2AB2A00C6239E /* Maven.png */ = {isa = PBXFileReference; lastKnownFileType = image.png; name = Maven.png; path = "BF Assets/Maven.png"; sourceTree = SOURCE_ROOT; };
		D296BB3A22C2AB2A00C6239E /* Annapolis.png */ = {isa = PBXFileReference; lastKnownFileType = image.png; name = Annapolis.png; path = "BF Assets/Annapolis.png"; sourceTree = SOURCE_ROOT; };
		D296BB3B22C2AB2A00C6239E /* Logo.png */ = {isa = PBXFileReference; lastKnownFileType = image.png; name = Logo.png; path = "BF Assets/Logo.png"; sourceTree = SOURCE_ROOT; };
		D296BB3C22C2AB2A00C6239E /* BicycleSpecialist.png */ = {isa = PBXFileReference; lastKnownFileType = image.png; name = BicycleSpecialist.png; path = "BF Assets/BicycleSpecialist.png"; sourceTree = SOURCE_ROOT; };
		D296BB3D22C2AB2A00C6239E /* Building.png */ = {isa = PBXFileReference; lastKnownFileType = image.png; name = Building.png; path = "BF Assets/Building.png"; sourceTree = SOURCE_ROOT; };
		D296BB3E22C2AB2A00C6239E /* Stuart.png */ = {isa = PBXFileReference; lastKnownFileType = image.png; name = Stuart.png; path = "BF Assets/Stuart.png"; sourceTree = SOURCE_ROOT; };
		D296BB3F22C2AB2A00C6239E /* 58.png */ = {isa = PBXFileReference; lastKnownFileType = image.png; name = 58.png; path = "BF Assets/58.png"; sourceTree = SOURCE_ROOT; };
		D296BB4022C2AB2B00C6239E /* LaceyMines.png */ = {isa = PBXFileReference; lastKnownFileType = image.png; name = LaceyMines.png; path = "BF Assets/LaceyMines.png"; sourceTree = SOURCE_ROOT; };
		D296BB4122C2AB2B00C6239E /* Hubbards.png */ = {isa = PBXFileReference; lastKnownFileType = image.png; name = Hubbards.png; path = "BF Assets/Hubbards.png"; sourceTree = SOURCE_ROOT; };
		D296BB4222C2AB2B00C6239E /* RumbLine.png */ = {isa = PBXFileReference; lastKnownFileType = image.png; name = RumbLine.png; path = "BF Assets/RumbLine.png"; sourceTree = SOURCE_ROOT; };
		D296BB4322C2AB2B00C6239E /* Hants-Exhibition-Grounds.png */ = {isa = PBXFileReference; lastKnownFileType = image.png; name = "Hants-Exhibition-Grounds.png"; path = "BF Assets/Hants-Exhibition-Grounds.png"; sourceTree = SOURCE_ROOT; };
		D296BB4422C2AB2B00C6239E /* CloudNineNovelties.png */ = {isa = PBXFileReference; lastKnownFileType = image.png; name = CloudNineNovelties.png; path = "BF Assets/CloudNineNovelties.png"; sourceTree = SOURCE_ROOT; };
		D296BB4522C2AB2B00C6239E /* Breton.png */ = {isa = PBXFileReference; lastKnownFileType = image.png; name = Breton.png; path = "BF Assets/Breton.png"; sourceTree = SOURCE_ROOT; };
		D296BB4622C2AB2B00C6239E /* Northumberland.png */ = {isa = PBXFileReference; lastKnownFileType = image.png; name = Northumberland.png; path = "BF Assets/Northumberland.png"; sourceTree = SOURCE_ROOT; };
		D296BB4722C2AB2B00C6239E /* Scotsman.png */ = {isa = PBXFileReference; lastKnownFileType = image.png; name = Scotsman.png; path = "BF Assets/Scotsman.png"; sourceTree = SOURCE_ROOT; };
		D296BB4822C2AB2B00C6239E /* Saltbox.png */ = {isa = PBXFileReference; lastKnownFileType = image.png; name = Saltbox.png; path = "BF Assets/Saltbox.png"; sourceTree = SOURCE_ROOT; };
		D296BB4922C2AB2B00C6239E /* Mecklenburg.png */ = {isa = PBXFileReference; lastKnownFileType = image.png; name = Mecklenburg.png; path = "BF Assets/Mecklenburg.png"; sourceTree = SOURCE_ROOT; };
		D296BB4A22C2AB2B00C6239E /* Velofix.png */ = {isa = PBXFileReference; lastKnownFileType = image.png; name = Velofix.png; path = "BF Assets/Velofix.png"; sourceTree = SOURCE_ROOT; };
		D296BB4B22C2AB2B00C6239E /* Bike&Bean.png */ = {isa = PBXFileReference; lastKnownFileType = image.png; name = "Bike&Bean.png"; path = "BF Assets/Bike&Bean.png"; sourceTree = SOURCE_ROOT; };
		D296BB4C22C2AB2B00C6239E /* Apron.png */ = {isa = PBXFileReference; lastKnownFileType = image.png; name = Apron.png; path = "BF Assets/Apron.png"; sourceTree = SOURCE_ROOT; };
		D296BB4D22C2AB2B00C6239E /* OceanStone.png */ = {isa = PBXFileReference; lastKnownFileType = image.png; name = OceanStone.png; path = "BF Assets/OceanStone.png"; sourceTree = SOURCE_ROOT; };
		D296BB4E22C2AB2B00C6239E /* Bike Shop.png */ = {isa = PBXFileReference; lastKnownFileType = image.png; name = "Bike Shop.png"; path = "BF Assets/Bike Shop.png"; sourceTree = SOURCE_ROOT; };
		D296BB4F22C2AB2B00C6239E /* Mercator-Vineyards.png */ = {isa = PBXFileReference; lastKnownFileType = image.png; name = "Mercator-Vineyards.png"; path = "BF Assets/Mercator-Vineyards.png"; sourceTree = SOURCE_ROOT; };
		D296BB5022C2AB2B00C6239E /* FacebookLogo.png */ = {isa = PBXFileReference; lastKnownFileType = image.png; name = FacebookLogo.png; path = "BF Assets/FacebookLogo.png"; sourceTree = SOURCE_ROOT; };
		D296BB5122C2AB2B00C6239E /* Digby.png */ = {isa = PBXFileReference; lastKnownFileType = image.png; name = Digby.png; path = "BF Assets/Digby.png"; sourceTree = SOURCE_ROOT; };
		D296BB5222C2AB2B00C6239E /* Attraction.png */ = {isa = PBXFileReference; lastKnownFileType = image.png; name = Attraction.png; path = "BF Assets/Attraction.png"; sourceTree = SOURCE_ROOT; };
		D296BB5322C2AB2B00C6239E /* BikeMonkey.png */ = {isa = PBXFileReference; lastKnownFileType = image.png; name = BikeMonkey.png; path = "BF Assets/BikeMonkey.png"; sourceTree = SOURCE_ROOT; };
		D296BB5422C2AB2B00C6239E /* eye.png */ = {isa = PBXFileReference; lastKnownFileType = image.png; name = eye.png; path = "BF Assets/eye.png"; sourceTree = SOURCE_ROOT; };
		D296BB5522C2AB2B00C6239E /* BurlingtonRose.png */ = {isa = PBXFileReference; lastKnownFileType = image.png; name = BurlingtonRose.png; path = "BF Assets/BurlingtonRose.png"; sourceTree = SOURCE_ROOT; };
		D296BB5622C2AB2B00C6239E /* The_Bicycle_Lunchbox.png */ = {isa = PBXFileReference; lastKnownFileType = image.png; name = The_Bicycle_Lunchbox.png; path = "BF Assets/The_Bicycle_Lunchbox.png"; sourceTree = SOURCE_ROOT; };
		D296BB5722C2AB2C00C6239E /* write-letter.png */ = {isa = PBXFileReference; lastKnownFileType = image.png; name = "write-letter.png"; path = "BF Assets/write-letter.png"; sourceTree = SOURCE_ROOT; };
		D296BB5822C2AB2C00C6239E /* Lanes.png */ = {isa = PBXFileReference; lastKnownFileType = image.png; name = Lanes.png; path = "BF Assets/Lanes.png"; sourceTree = SOURCE_ROOT; };
		D296BB5922C2AB2C00C6239E /* Cycles-Guitars.png */ = {isa = PBXFileReference; lastKnownFileType = image.png; name = "Cycles-Guitars.png"; path = "BF Assets/Cycles-Guitars.png"; sourceTree = SOURCE_ROOT; };
		D296BB5A22C2AB2C00C6239E /* Cyclesmith.png */ = {isa = PBXFileReference; lastKnownFileType = image.png; name = Cyclesmith.png; path = "BF Assets/Cyclesmith.png"; sourceTree = SOURCE_ROOT; };
		D296BB5B22C2AB2C00C6239E /* CathedralChurch.png */ = {isa = PBXFileReference; lastKnownFileType = image.png; name = CathedralChurch.png; path = "BF Assets/CathedralChurch.png"; sourceTree = SOURCE_ROOT; };
		D296BB5C22C2AB2C00C6239E /* Lunchbox.png */ = {isa = PBXFileReference; lastKnownFileType = image.png; name = Lunchbox.png; path = "BF Assets/Lunchbox.png"; sourceTree = SOURCE_ROOT; };
		D296BB5D22C2AB2C00C6239E /* 87.png */ = {isa = PBXFileReference; lastKnownFileType = image.png; name = 87.png; path = "BF Assets/87.png"; sourceTree = SOURCE_ROOT; };
		D296BB5E22C2AB2C00C6239E /* Logo-White-BG.png */ = {isa = PBXFileReference; lastKnownFileType = image.png; name = "Logo-White-BG.png"; path = "BF Assets/Logo-White-BG.png"; sourceTree = SOURCE_ROOT; };
		D296BB5F22C2AB2C00C6239E /* GoodRobot.png */ = {isa = PBXFileReference; lastKnownFileType = image.png; name = GoodRobot.png; path = "BF Assets/GoodRobot.png"; sourceTree = SOURCE_ROOT; };
		D296BB6022C2AB2C00C6239E /* Berwick&District.png */ = {isa = PBXFileReference; lastKnownFileType = image.png; name = "Berwick&District.png"; path = "BF Assets/Berwick&District.png"; sourceTree = SOURCE_ROOT; };
		D296BB6122C2AB2C00C6239E /* 120.png */ = {isa = PBXFileReference; lastKnownFileType = image.png; name = 120.png; path = "BF Assets/120.png"; sourceTree = SOURCE_ROOT; };
		D296BB6222C2AB2C00C6239E /* Best-Western-Plus.png */ = {isa = PBXFileReference; lastKnownFileType = image.png; name = "Best-Western-Plus.png"; path = "BF Assets/Best-Western-Plus.png"; sourceTree = SOURCE_ROOT; };
		D296BB6322C2AB2C00C6239E /* MEC.png */ = {isa = PBXFileReference; lastKnownFileType = image.png; name = MEC.png; path = "BF Assets/MEC.png"; sourceTree = SOURCE_ROOT; };
		D296BB6422C2AB2C00C6239E /* Flag.png */ = {isa = PBXFileReference; lastKnownFileType = image.png; name = Flag.png; path = "BF Assets/Flag.png"; sourceTree = SOURCE_ROOT; };
		D296BB6522C2AB2C00C6239E /* BayFerry.png */ = {isa = PBXFileReference; lastKnownFileType = image.png; name = BayFerry.png; path = "BF Assets/BayFerry.png"; sourceTree = SOURCE_ROOT; };
		D296BB6622C2AB2D00C6239E /* 80.png */ = {isa = PBXFileReference; lastKnownFileType = image.png; name = 80.png; path = "BF Assets/80.png"; sourceTree = SOURCE_ROOT; };
		D296BB6722C2AB2D00C6239E /* HubCycle.png */ = {isa = PBXFileReference; lastKnownFileType = image.png; name = HubCycle.png; path = "BF Assets/HubCycle.png"; sourceTree = SOURCE_ROOT; };
		D296BB6822C2AB2D00C6239E /* Mabou.png */ = {isa = PBXFileReference; lastKnownFileType = image.png; name = Mabou.png; path = "BF Assets/Mabou.png"; sourceTree = SOURCE_ROOT; };
		D296BB6922C2AB2D00C6239E /* NewGlasgow.png */ = {isa = PBXFileReference; lastKnownFileType = image.png; name = NewGlasgow.png; path = "BF Assets/NewGlasgow.png"; sourceTree = SOURCE_ROOT; };
		D296BB6A22C2AB2D00C6239E /* AKTC.png */ = {isa = PBXFileReference; lastKnownFileType = image.png; name = AKTC.png; path = "BF Assets/AKTC.png"; sourceTree = SOURCE_ROOT; };
		D296BB6B22C2AB2D00C6239E /* OutsideOutdoor.png */ = {isa = PBXFileReference; lastKnownFileType = image.png; name = OutsideOutdoor.png; path = "BF Assets/OutsideOutdoor.png"; sourceTree = SOURCE_ROOT; };
		D296BB6C22C2AB2D00C6239E /* Sportwheels.png */ = {isa = PBXFileReference; lastKnownFileType = image.png; name = Sportwheels.png; path = "BF Assets/Sportwheels.png"; sourceTree = SOURCE_ROOT; };
		D296BB6D22C2AB2D00C6239E /* Frameworks.png */ = {isa = PBXFileReference; lastKnownFileType = image.png; name = Frameworks.png; path = "BF Assets/Frameworks.png"; sourceTree = SOURCE_ROOT; };
		D296BB6E22C2AB2D00C6239E /* Camping.png */ = {isa = PBXFileReference; lastKnownFileType = image.png; name = Camping.png; path = "BF Assets/Camping.png"; sourceTree = SOURCE_ROOT; };
		D296BB6F22C2AB2D00C6239E /* Earltown.png */ = {isa = PBXFileReference; lastKnownFileType = image.png; name = Earltown.png; path = "BF Assets/Earltown.png"; sourceTree = SOURCE_ROOT; };
		D296BB7022C2AB2D00C6239E /* UnionStreet.png */ = {isa = PBXFileReference; lastKnownFileType = image.png; name = UnionStreet.png; path = "BF Assets/UnionStreet.png"; sourceTree = SOURCE_ROOT; };
		D296BB7122C2AB2D00C6239E /* BanksBikes.png */ = {isa = PBXFileReference; lastKnownFileType = image.png; name = BanksBikes.png; path = "BF Assets/BanksBikes.png"; sourceTree = SOURCE_ROOT; };
		D296BB7222C2AB2D00C6239E /* GardenHouse.png */ = {isa = PBXFileReference; lastKnownFileType = image.png; name = GardenHouse.png; path = "BF Assets/GardenHouse.png"; sourceTree = SOURCE_ROOT; };
		D296BB7322C2AB2D00C6239E /* Liscomb.png */ = {isa = PBXFileReference; lastKnownFileType = image.png; name = Liscomb.png; path = "BF Assets/Liscomb.png"; sourceTree = SOURCE_ROOT; };
		D296BB7422C2AB2E00C6239E /* RiverRidge.png */ = {isa = PBXFileReference; lastKnownFileType = image.png; name = RiverRidge.png; path = "BF Assets/RiverRidge.png"; sourceTree = SOURCE_ROOT; };
		D296BB7522C2AB2E00C6239E /* Queens-Place.png */ = {isa = PBXFileReference; lastKnownFileType = image.png; name = "Queens-Place.png"; path = "BF Assets/Queens-Place.png"; sourceTree = SOURCE_ROOT; };
		D296BB7622C2AB2E00C6239E /* DancingGoat.png */ = {isa = PBXFileReference; lastKnownFileType = image.png; name = DancingGoat.png; path = "BF Assets/DancingGoat.png"; sourceTree = SOURCE_ROOT; };
		D296BB7722C2AB2E00C6239E /* Restaurant.png */ = {isa = PBXFileReference; lastKnownFileType = image.png; name = Restaurant.png; path = "BF Assets/Restaurant.png"; sourceTree = SOURCE_ROOT; };
		D296BB7822C2AB2E00C6239E /* Spoke&Note.png */ = {isa = PBXFileReference; lastKnownFileType = image.png; name = "Spoke&Note.png"; path = "BF Assets/Spoke&Note.png"; sourceTree = SOURCE_ROOT; };
		D296BB7922C2AB2E00C6239E /* House.png */ = {isa = PBXFileReference; lastKnownFileType = image.png; name = House.png; path = "BF Assets/House.png"; sourceTree = SOURCE_ROOT; };
		D296BB7A22C2AB2E00C6239E /* Garrison.png */ = {isa = PBXFileReference; lastKnownFileType = image.png; name = Garrison.png; path = "BF Assets/Garrison.png"; sourceTree = SOURCE_ROOT; };
		D296BB7B22C2AB2E00C6239E /* VeloBaie.png */ = {isa = PBXFileReference; lastKnownFileType = image.png; name = VeloBaie.png; path = "BF Assets/VeloBaie.png"; sourceTree = SOURCE_ROOT; };
		D296BB7C22C2AB2E00C6239E /* Wiles-Lake.png */ = {isa = PBXFileReference; lastKnownFileType = image.png; name = "Wiles-Lake.png"; path = "BF Assets/Wiles-Lake.png"; sourceTree = SOURCE_ROOT; };
		D296BB7D22C2AB2E00C6239E /* DuncansPub.png */ = {isa = PBXFileReference; lastKnownFileType = image.png; name = DuncansPub.png; path = "BF Assets/DuncansPub.png"; sourceTree = SOURCE_ROOT; };
		D296BB7E22C2AB2E00C6239E /* homepage.jpeg */ = {isa = PBXFileReference; lastKnownFileType = image.jpeg; name = homepage.jpeg; path = "BF Assets/homepage.jpeg"; sourceTree = SOURCE_ROOT; };
		D296BB7F22C2AB2E00C6239E /* JavaBlend.png */ = {isa = PBXFileReference; lastKnownFileType = image.png; name = JavaBlend.png; path = "BF Assets/JavaBlend.png"; sourceTree = SOURCE_ROOT; };
		D296BB8022C2AB2E00C6239E /* HeartBikes.png */ = {isa = PBXFileReference; lastKnownFileType = image.png; name = HeartBikes.png; path = "BF Assets/HeartBikes.png"; sourceTree = SOURCE_ROOT; };
		D296BB8122C2AB2E00C6239E /* Kiwi.png */ = {isa = PBXFileReference; lastKnownFileType = image.png; name = Kiwi.png; path = "BF Assets/Kiwi.png"; sourceTree = SOURCE_ROOT; };
		D296BB8222C2AB2E00C6239E /* BearRiver.png */ = {isa = PBXFileReference; lastKnownFileType = image.png; name = BearRiver.png; path = "BF Assets/BearRiver.png"; sourceTree = SOURCE_ROOT; };
		D296BB8322C2AB2E00C6239E /* Highland.png */ = {isa = PBXFileReference; lastKnownFileType = image.png; name = Highland.png; path = "BF Assets/Highland.png"; sourceTree = SOURCE_ROOT; };
		D296BB8422C2AB2E00C6239E /* BernArt.png */ = {isa = PBXFileReference; lastKnownFileType = image.png; name = BernArt.png; path = "BF Assets/BernArt.png"; sourceTree = SOURCE_ROOT; };
		D296BB8522C2AB2E00C6239E /* Francis.png */ = {isa = PBXFileReference; lastKnownFileType = image.png; name = Francis.png; path = "BF Assets/Francis.png"; sourceTree = SOURCE_ROOT; };
		D296BB8622C2AB2E00C6239E /* IdealBikes.png */ = {isa = PBXFileReference; lastKnownFileType = image.png; name = IdealBikes.png; path = "BF Assets/IdealBikes.png"; sourceTree = SOURCE_ROOT; };
		D296BB8722C2AB2E00C6239E /* iFIT.png */ = {isa = PBXFileReference; lastKnownFileType = image.png; name = iFIT.png; path = "BF Assets/iFIT.png"; sourceTree = SOURCE_ROOT; };
		D296BB8822C2AB2E00C6239E /* Meander-Brewery.png */ = {isa = PBXFileReference; lastKnownFileType = image.png; name = "Meander-Brewery.png"; path = "BF Assets/Meander-Brewery.png"; sourceTree = SOURCE_ROOT; };
		D296BB8922C2AB2E00C6239E /* KaulbachHouse.png */ = {isa = PBXFileReference; lastKnownFileType = image.png; name = KaulbachHouse.png; path = "BF Assets/KaulbachHouse.png"; sourceTree = SOURCE_ROOT; };
		D296BB8A22C2AB2E00C6239E /* Oak.png */ = {isa = PBXFileReference; lastKnownFileType = image.png; name = Oak.png; path = "BF Assets/Oak.png"; sourceTree = SOURCE_ROOT; };
		D296BB8B22C2AB2F00C6239E /* HarbourGuesthouse.png */ = {isa = PBXFileReference; lastKnownFileType = image.png; name = HarbourGuesthouse.png; path = "BF Assets/HarbourGuesthouse.png"; sourceTree = SOURCE_ROOT; };
		D296BB8C22C2AB2F00C6239E /* Pavia.png */ = {isa = PBXFileReference; lastKnownFileType = image.png; name = Pavia.png; path = "BF Assets/Pavia.png"; sourceTree = SOURCE_ROOT; };
		D296BB8D22C2AB2F00C6239E /* Holiday-Inn.png */ = {isa = PBXFileReference; lastKnownFileType = image.png; name = "Holiday-Inn.png"; path = "BF Assets/Holiday-Inn.png"; sourceTree = SOURCE_ROOT; };
		D296BB8E22C2AB2F00C6239E /* Schoolhouse.png */ = {isa = PBXFileReference; lastKnownFileType = image.png; name = Schoolhouse.png; path = "BF Assets/Schoolhouse.png"; sourceTree = SOURCE_ROOT; };
		D296BB8F22C2AB2F00C6239E /* Jeffs.png */ = {isa = PBXFileReference; lastKnownFileType = image.png; name = Jeffs.png; path = "BF Assets/Jeffs.png"; sourceTree = SOURCE_ROOT; };
		D296BB9022C2AB2F00C6239E /* SnowWhite.png */ = {isa = PBXFileReference; lastKnownFileType = image.png; name = SnowWhite.png; path = "BF Assets/SnowWhite.png"; sourceTree = SOURCE_ROOT; };
		D296BB9122C2AB2F00C6239E /* SchoolhouseBrewery.png */ = {isa = PBXFileReference; lastKnownFileType = image.png; name = SchoolhouseBrewery.png; path = "BF Assets/SchoolhouseBrewery.png"; sourceTree = SOURCE_ROOT; };
		D296BB9222C2AB2F00C6239E /* SweetRide.png */ = {isa = PBXFileReference; lastKnownFileType = image.png; name = SweetRide.png; path = "BF Assets/SweetRide.png"; sourceTree = SOURCE_ROOT; };
		D296BB9322C2AB2F00C6239E /* TangledGardens.png */ = {isa = PBXFileReference; lastKnownFileType = image.png; name = TangledGardens.png; path = "BF Assets/TangledGardens.png"; sourceTree = SOURCE_ROOT; };
		D296BB9422C2AB2F00C6239E /* Tanner.png */ = {isa = PBXFileReference; lastKnownFileType = image.png; name = Tanner.png; path = "BF Assets/Tanner.png"; sourceTree = SOURCE_ROOT; };
		D29911FF22C15BB500164FC5 /* Company.swift */ = {isa = PBXFileReference; lastKnownFileType = sourcecode.swift; path = Company.swift; sourceTree = "<group>"; };
		D299120122C24B4B00164FC5 /* JSONParser.swift */ = {isa = PBXFileReference; lastKnownFileType = sourcecode.swift; path = JSONParser.swift; sourceTree = "<group>"; };
		D29D3B5022AFD11C002BF17B /* BikeFriendlyNS.app */ = {isa = PBXFileReference; explicitFileType = wrapper.application; includeInIndex = 0; path = BikeFriendlyNS.app; sourceTree = BUILT_PRODUCTS_DIR; };
		D29D3B5322AFD11C002BF17B /* AppDelegate.swift */ = {isa = PBXFileReference; lastKnownFileType = sourcecode.swift; path = AppDelegate.swift; sourceTree = "<group>"; };
		D29D3B5522AFD11C002BF17B /* HomeViewController.swift */ = {isa = PBXFileReference; lastKnownFileType = sourcecode.swift; path = HomeViewController.swift; sourceTree = "<group>"; };
		D29D3B5822AFD11C002BF17B /* Base */ = {isa = PBXFileReference; lastKnownFileType = file.storyboard; name = Base; path = Base.lproj/Main.storyboard; sourceTree = "<group>"; };
		D29D3B5A22AFD11E002BF17B /* Assets.xcassets */ = {isa = PBXFileReference; lastKnownFileType = folder.assetcatalog; path = Assets.xcassets; sourceTree = "<group>"; };
		D29D3B5D22AFD11E002BF17B /* Base */ = {isa = PBXFileReference; lastKnownFileType = file.storyboard; name = Base; path = Base.lproj/LaunchScreen.storyboard; sourceTree = "<group>"; };
		D29D3B5F22AFD11E002BF17B /* Info.plist */ = {isa = PBXFileReference; lastKnownFileType = text.plist.xml; path = Info.plist; sourceTree = "<group>"; };
		D29D3B6422AFD11E002BF17B /* BikeFriendlyNSTests.xctest */ = {isa = PBXFileReference; explicitFileType = wrapper.cfbundle; includeInIndex = 0; path = BikeFriendlyNSTests.xctest; sourceTree = BUILT_PRODUCTS_DIR; };
		D29D3B6822AFD11E002BF17B /* BikeFriendlyNSTests.swift */ = {isa = PBXFileReference; lastKnownFileType = sourcecode.swift; path = BikeFriendlyNSTests.swift; sourceTree = "<group>"; };
		D29D3B6A22AFD11E002BF17B /* Info.plist */ = {isa = PBXFileReference; lastKnownFileType = text.plist.xml; path = Info.plist; sourceTree = "<group>"; };
		D29D3B6F22AFD11E002BF17B /* BikeFriendlyNSUITests.xctest */ = {isa = PBXFileReference; explicitFileType = wrapper.cfbundle; includeInIndex = 0; path = BikeFriendlyNSUITests.xctest; sourceTree = BUILT_PRODUCTS_DIR; };
		D29D3B7322AFD11E002BF17B /* BikeFriendlyNSUITests.swift */ = {isa = PBXFileReference; lastKnownFileType = sourcecode.swift; path = BikeFriendlyNSUITests.swift; sourceTree = "<group>"; };
		D29D3B7522AFD11E002BF17B /* Info.plist */ = {isa = PBXFileReference; lastKnownFileType = text.plist.xml; path = Info.plist; sourceTree = "<group>"; };
		D2DD295422B7C737002C53CC /* LocationDetailViewController.swift */ = {isa = PBXFileReference; lastKnownFileType = sourcecode.swift; name = LocationDetailViewController.swift; path = BikeFriendlyNS/Controller/LocationDetailViewController.swift; sourceTree = SOURCE_ROOT; };
		D2E8AB4822C3A67700FBB5B5 /* MessageUI.framework */ = {isa = PBXFileReference; lastKnownFileType = wrapper.framework; name = MessageUI.framework; path = System/Library/Frameworks/MessageUI.framework; sourceTree = SDKROOT; };
		FD3D4E77938BE128B83D6932 /* libPods-BikeFriendlyNS.a */ = {isa = PBXFileReference; explicitFileType = archive.ar; includeInIndex = 0; path = "libPods-BikeFriendlyNS.a"; sourceTree = BUILT_PRODUCTS_DIR; };
/* End PBXFileReference section */

/* Begin PBXFrameworksBuildPhase section */
		D29D3B4D22AFD11C002BF17B /* Frameworks */ = {
			isa = PBXFrameworksBuildPhase;
			buildActionMask = 2147483647;
			files = (
				D2E8AB4922C3A67700FBB5B5 /* MessageUI.framework in Frameworks */,
				D21A68FB22B29A16003EF706 /* MapKit.framework in Frameworks */,
				F097ECE34D1C73500617111D /* libPods-BikeFriendlyNS.a in Frameworks */,
			);
			runOnlyForDeploymentPostprocessing = 0;
		};
		D29D3B6122AFD11E002BF17B /* Frameworks */ = {
			isa = PBXFrameworksBuildPhase;
			buildActionMask = 2147483647;
			files = (
			);
			runOnlyForDeploymentPostprocessing = 0;
		};
		D29D3B6C22AFD11E002BF17B /* Frameworks */ = {
			isa = PBXFrameworksBuildPhase;
			buildActionMask = 2147483647;
			files = (
			);
			runOnlyForDeploymentPostprocessing = 0;
		};
/* End PBXFrameworksBuildPhase section */

/* Begin PBXGroup section */
		221CBCD2A739271E8245B7B7 /* Frameworks */ = {
			isa = PBXGroup;
			children = (
				D2E8AB4822C3A67700FBB5B5 /* MessageUI.framework */,
				D21A68FA22B29A16003EF706 /* MapKit.framework */,
				FD3D4E77938BE128B83D6932 /* libPods-BikeFriendlyNS.a */,
			);
			name = Frameworks;
			sourceTree = "<group>";
		};
		CAA7CDB843960564522980EA /* Pods */ = {
			isa = PBXGroup;
			children = (
				415E7E9CABD003DA81EBD84F /* Pods-BikeFriendlyNS.debug.xcconfig */,
				B8AF5EF63A49A926D30DA0D8 /* Pods-BikeFriendlyNS.release.xcconfig */,
			);
			path = Pods;
			sourceTree = "<group>";
		};
		D29D3B4722AFD11C002BF17B = {
			isa = PBXGroup;
			children = (
				D27D77B422AFF2760073522C /* Podfile */,
				D29D3B5222AFD11C002BF17B /* BikeFriendlyNS */,
				D29D3B6722AFD11E002BF17B /* BikeFriendlyNSTests */,
				D29D3B7222AFD11E002BF17B /* BikeFriendlyNSUITests */,
				D29D3B5122AFD11C002BF17B /* Products */,
				CAA7CDB843960564522980EA /* Pods */,
				221CBCD2A739271E8245B7B7 /* Frameworks */,
			);
			sourceTree = "<group>";
		};
		D29D3B5122AFD11C002BF17B /* Products */ = {
			isa = PBXGroup;
			children = (
				D29D3B5022AFD11C002BF17B /* BikeFriendlyNS.app */,
				D29D3B6422AFD11E002BF17B /* BikeFriendlyNSTests.xctest */,
				D29D3B6F22AFD11E002BF17B /* BikeFriendlyNSUITests.xctest */,
			);
			name = Products;
			sourceTree = "<group>";
		};
		D29D3B5222AFD11C002BF17B /* BikeFriendlyNS */ = {
			isa = PBXGroup;
			children = (
				D29D3B8522AFD217002BF17B /* Assets */,
				D29D3B8422AFD1ED002BF17B /* Controller */,
				D29D3B8322AFD1E7002BF17B /* View */,
				D29D3B8122AFD1D0002BF17B /* Model */,
				D29D3B5322AFD11C002BF17B /* AppDelegate.swift */,
				D29D3B5A22AFD11E002BF17B /* Assets.xcassets */,
				D29D3B5C22AFD11E002BF17B /* LaunchScreen.storyboard */,
				D29D3B5F22AFD11E002BF17B /* Info.plist */,
				D20F14F522C15153001CBC4F /* service.php */,
			);
			path = BikeFriendlyNS;
			sourceTree = "<group>";
		};
		D29D3B6722AFD11E002BF17B /* BikeFriendlyNSTests */ = {
			isa = PBXGroup;
			children = (
				D29D3B6822AFD11E002BF17B /* BikeFriendlyNSTests.swift */,
				D29D3B6A22AFD11E002BF17B /* Info.plist */,
			);
			path = BikeFriendlyNSTests;
			sourceTree = "<group>";
		};
		D29D3B7222AFD11E002BF17B /* BikeFriendlyNSUITests */ = {
			isa = PBXGroup;
			children = (
				D29D3B7322AFD11E002BF17B /* BikeFriendlyNSUITests.swift */,
				D29D3B7522AFD11E002BF17B /* Info.plist */,
			);
			path = BikeFriendlyNSUITests;
			sourceTree = "<group>";
		};
		D29D3B8122AFD1D0002BF17B /* Model */ = {
			isa = PBXGroup;
			children = (
				D29911FF22C15BB500164FC5 /* Company.swift */,
				D299120122C24B4B00164FC5 /* JSONParser.swift */,
			);
			path = Model;
			sourceTree = "<group>";
		};
		D29D3B8322AFD1E7002BF17B /* View */ = {
			isa = PBXGroup;
			children = (
				D29D3B5722AFD11C002BF17B /* Main.storyboard */,
				D27D77AE22AFE57E0073522C /* CustomButton.swift */,
			);
			path = View;
			sourceTree = "<group>";
		};
		D29D3B8422AFD1ED002BF17B /* Controller */ = {
			isa = PBXGroup;
			children = (
				D29D3B5522AFD11C002BF17B /* HomeViewController.swift */,
				D21A68F622B278AB003EF706 /* MapViewController.swift */,
				D2DD295422B7C737002C53CC /* LocationDetailViewController.swift */,
				D20AEBBF22C2A682003F6153 /* FeedbackViewController.swift */,
			);
			path = Controller;
			sourceTree = "<group>";
		};
		D29D3B8522AFD217002BF17B /* Assets */ = {
			isa = PBXGroup;
			children = (
				D296BB3F22C2AB2A00C6239E /* 58.png */,
				D296BB6622C2AB2D00C6239E /* 80.png */,
				D296BB5D22C2AB2C00C6239E /* 87.png */,
				D296BB6122C2AB2C00C6239E /* 120.png */,
				D296BB6A22C2AB2D00C6239E /* AKTC.png */,
				D296BB3A22C2AB2A00C6239E /* Annapolis.png */,
				D296BB4C22C2AB2B00C6239E /* Apron.png */,
				D296BB5222C2AB2B00C6239E /* Attraction.png */,
				D296BB7122C2AB2D00C6239E /* BanksBikes.png */,
				D296BB6522C2AB2C00C6239E /* BayFerry.png */,
				D296BB8222C2AB2E00C6239E /* BearRiver.png */,
				D296BB8422C2AB2E00C6239E /* BernArt.png */,
				D296BB6022C2AB2C00C6239E /* Berwick&District.png */,
				D296BB6222C2AB2C00C6239E /* Best-Western-Plus.png */,
				D296BB3C22C2AB2A00C6239E /* BicycleSpecialist.png */,
				D296BB4E22C2AB2B00C6239E /* Bike Shop.png */,
				D296BB4B22C2AB2B00C6239E /* Bike&Bean.png */,
				D296BB5322C2AB2B00C6239E /* BikeMonkey.png */,
				D296BB4522C2AB2B00C6239E /* Breton.png */,
				D296BB3D22C2AB2A00C6239E /* Building.png */,
				D296BB5522C2AB2B00C6239E /* BurlingtonRose.png */,
				D296BB6E22C2AB2D00C6239E /* Camping.png */,
				D296BB5B22C2AB2C00C6239E /* CathedralChurch.png */,
				D296BB4422C2AB2B00C6239E /* CloudNineNovelties.png */,
				D296BB5922C2AB2C00C6239E /* Cycles-Guitars.png */,
				D296BB5A22C2AB2C00C6239E /* Cyclesmith.png */,
				D296BB7622C2AB2E00C6239E /* DancingGoat.png */,
				D296BB5122C2AB2B00C6239E /* Digby.png */,
				D296BB7D22C2AB2E00C6239E /* DuncansPub.png */,
				D296BB6F22C2AB2D00C6239E /* Earltown.png */,
				D296BB5422C2AB2B00C6239E /* eye.png */,
				D296BB5022C2AB2B00C6239E /* FacebookLogo.png */,
				D296BB6422C2AB2C00C6239E /* Flag.png */,
				D296BB6D22C2AB2D00C6239E /* Frameworks.png */,
				D296BB8522C2AB2E00C6239E /* Francis.png */,
				D296BB7222C2AB2D00C6239E /* GardenHouse.png */,
				D296BB7A22C2AB2E00C6239E /* Garrison.png */,
				D296BB5F22C2AB2C00C6239E /* GoodRobot.png */,
				D296BB4322C2AB2B00C6239E /* Hants-Exhibition-Grounds.png */,
				D296BB8B22C2AB2F00C6239E /* HarbourGuesthouse.png */,
				D296BB8022C2AB2E00C6239E /* HeartBikes.png */,
				D296BB8322C2AB2E00C6239E /* Highland.png */,
				D296BB8D22C2AB2F00C6239E /* Holiday-Inn.png */,
				D296BB7E22C2AB2E00C6239E /* homepage.jpeg */,
				D296BB7922C2AB2E00C6239E /* House.png */,
				D296BB4122C2AB2B00C6239E /* Hubbards.png */,
				D296BB6722C2AB2D00C6239E /* HubCycle.png */,
				D296BB8622C2AB2E00C6239E /* IdealBikes.png */,
				D296BB8722C2AB2E00C6239E /* iFIT.png */,
				D296BB7F22C2AB2E00C6239E /* JavaBlend.png */,
				D296BB8F22C2AB2F00C6239E /* Jeffs.png */,
				D296BB8922C2AB2E00C6239E /* KaulbachHouse.png */,
				D296BB8122C2AB2E00C6239E /* Kiwi.png */,
				D296BB4022C2AB2B00C6239E /* LaceyMines.png */,
				D296BB5822C2AB2C00C6239E /* Lanes.png */,
				D296BB7322C2AB2D00C6239E /* Liscomb.png */,
				D296BB5E22C2AB2C00C6239E /* Logo-White-BG.png */,
				D296BB3B22C2AB2A00C6239E /* Logo.png */,
				D296BB5C22C2AB2C00C6239E /* Lunchbox.png */,
				D296BB6822C2AB2D00C6239E /* Mabou.png */,
				D296BB3922C2AB2A00C6239E /* Maven.png */,
				D296BB8822C2AB2E00C6239E /* Meander-Brewery.png */,
				D296BB6322C2AB2C00C6239E /* MEC.png */,
				D296BB4922C2AB2B00C6239E /* Mecklenburg.png */,
				D296BB4F22C2AB2B00C6239E /* Mercator-Vineyards.png */,
				D296BB6922C2AB2D00C6239E /* NewGlasgow.png */,
				D296BB4622C2AB2B00C6239E /* Northumberland.png */,
				D296BB8A22C2AB2E00C6239E /* Oak.png */,
				D296BB4D22C2AB2B00C6239E /* OceanStone.png */,
				D296BB6B22C2AB2D00C6239E /* OutsideOutdoor.png */,
				D296BB8C22C2AB2F00C6239E /* Pavia.png */,
				D296BB7522C2AB2E00C6239E /* Queens-Place.png */,
				D296BB7722C2AB2E00C6239E /* Restaurant.png */,
				D296BB7422C2AB2E00C6239E /* RiverRidge.png */,
				D296BB4222C2AB2B00C6239E /* RumbLine.png */,
				D296BB4822C2AB2B00C6239E /* Saltbox.png */,
				D296BB8E22C2AB2F00C6239E /* Schoolhouse.png */,
				D296BB9122C2AB2F00C6239E /* SchoolhouseBrewery.png */,
				D296BB4722C2AB2B00C6239E /* Scotsman.png */,
				D296BB9022C2AB2F00C6239E /* SnowWhite.png */,
				D296BB7822C2AB2E00C6239E /* Spoke&Note.png */,
				D296BB6C22C2AB2D00C6239E /* Sportwheels.png */,
				D296BB3E22C2AB2A00C6239E /* Stuart.png */,
				D296BB9222C2AB2F00C6239E /* SweetRide.png */,
				D296BB9322C2AB2F00C6239E /* TangledGardens.png */,
				D296BB9422C2AB2F00C6239E /* Tanner.png */,
				D296BB5622C2AB2B00C6239E /* The_Bicycle_Lunchbox.png */,
				D296BB7022C2AB2D00C6239E /* UnionStreet.png */,
				D296BB7B22C2AB2E00C6239E /* VeloBaie.png */,
				D296BB4A22C2AB2B00C6239E /* Velofix.png */,
				D296BB7C22C2AB2E00C6239E /* Wiles-Lake.png */,
				D296BB5722C2AB2C00C6239E /* write-letter.png */,
			);
			path = Assets;
			sourceTree = "<group>";
		};
/* End PBXGroup section */

/* Begin PBXNativeTarget section */
		D29D3B4F22AFD11C002BF17B /* BikeFriendlyNS */ = {
			isa = PBXNativeTarget;
			buildConfigurationList = D29D3B7822AFD11E002BF17B /* Build configuration list for PBXNativeTarget "BikeFriendlyNS" */;
			buildPhases = (
				8E45111AB9DC16881CC4CB73 /* [CP] Check Pods Manifest.lock */,
				D29D3B4C22AFD11C002BF17B /* Sources */,
				D29D3B4D22AFD11C002BF17B /* Frameworks */,
				D29D3B4E22AFD11C002BF17B /* Resources */,
				9C57DE562A50A823FC605597 /* [CP] Copy Pods Resources */,
			);
			buildRules = (
			);
			dependencies = (
			);
			name = BikeFriendlyNS;
			productName = BIkeFriendlyNS;
			productReference = D29D3B5022AFD11C002BF17B /* BikeFriendlyNS.app */;
			productType = "com.apple.product-type.application";
		};
		D29D3B6322AFD11E002BF17B /* BikeFriendlyNSTests */ = {
			isa = PBXNativeTarget;
			buildConfigurationList = D29D3B7B22AFD11E002BF17B /* Build configuration list for PBXNativeTarget "BikeFriendlyNSTests" */;
			buildPhases = (
				D29D3B6022AFD11E002BF17B /* Sources */,
				D29D3B6122AFD11E002BF17B /* Frameworks */,
				D29D3B6222AFD11E002BF17B /* Resources */,
			);
			buildRules = (
			);
			dependencies = (
				D29D3B6622AFD11E002BF17B /* PBXTargetDependency */,
			);
			name = BikeFriendlyNSTests;
			productName = BIkeFriendlyNSTests;
			productReference = D29D3B6422AFD11E002BF17B /* BikeFriendlyNSTests.xctest */;
			productType = "com.apple.product-type.bundle.unit-test";
		};
		D29D3B6E22AFD11E002BF17B /* BikeFriendlyNSUITests */ = {
			isa = PBXNativeTarget;
			buildConfigurationList = D29D3B7E22AFD11E002BF17B /* Build configuration list for PBXNativeTarget "BikeFriendlyNSUITests" */;
			buildPhases = (
				D29D3B6B22AFD11E002BF17B /* Sources */,
				D29D3B6C22AFD11E002BF17B /* Frameworks */,
				D29D3B6D22AFD11E002BF17B /* Resources */,
			);
			buildRules = (
			);
			dependencies = (
				D29D3B7122AFD11E002BF17B /* PBXTargetDependency */,
			);
			name = BikeFriendlyNSUITests;
			productName = BIkeFriendlyNSUITests;
			productReference = D29D3B6F22AFD11E002BF17B /* BikeFriendlyNSUITests.xctest */;
			productType = "com.apple.product-type.bundle.ui-testing";
		};
/* End PBXNativeTarget section */

/* Begin PBXProject section */
		D29D3B4822AFD11C002BF17B /* Project object */ = {
			isa = PBXProject;
			attributes = {
				LastSwiftUpdateCheck = 1020;
				LastUpgradeCheck = 1020;
				ORGANIZATIONNAME = "Scott Smyth";
				TargetAttributes = {
					D29D3B4F22AFD11C002BF17B = {
						CreatedOnToolsVersion = 10.2.1;
						SystemCapabilities = {
							com.apple.Maps.iOS = {
								enabled = 1;
							};
						};
					};
					D29D3B6322AFD11E002BF17B = {
						CreatedOnToolsVersion = 10.2.1;
						TestTargetID = D29D3B4F22AFD11C002BF17B;
					};
					D29D3B6E22AFD11E002BF17B = {
						CreatedOnToolsVersion = 10.2.1;
						TestTargetID = D29D3B4F22AFD11C002BF17B;
					};
				};
			};
			buildConfigurationList = D29D3B4B22AFD11C002BF17B /* Build configuration list for PBXProject "BikeFriendlyNS" */;
			compatibilityVersion = "Xcode 9.3";
			developmentRegion = en;
			hasScannedForEncodings = 0;
			knownRegions = (
				en,
				Base,
			);
			mainGroup = D29D3B4722AFD11C002BF17B;
			productRefGroup = D29D3B5122AFD11C002BF17B /* Products */;
			projectDirPath = "";
			projectRoot = "";
			targets = (
				D29D3B4F22AFD11C002BF17B /* BikeFriendlyNS */,
				D29D3B6322AFD11E002BF17B /* BikeFriendlyNSTests */,
				D29D3B6E22AFD11E002BF17B /* BikeFriendlyNSUITests */,
			);
		};
/* End PBXProject section */

/* Begin PBXResourcesBuildPhase section */
		D29D3B4E22AFD11C002BF17B /* Resources */ = {
			isa = PBXResourcesBuildPhase;
			buildActionMask = 2147483647;
			files = (
				D296BBC022C2AB2F00C6239E /* Flag.png in Resources */,
				D296BBF022C2AB2F00C6239E /* Tanner.png in Resources */,
				D296BBE822C2AB2F00C6239E /* Pavia.png in Resources */,
				D296BBE922C2AB2F00C6239E /* Holiday-Inn.png in Resources */,
				D296BBBA22C2AB2F00C6239E /* Logo-White-BG.png in Resources */,
				D296BBAA22C2AB2F00C6239E /* Bike Shop.png in Resources */,
				D29D3B5E22AFD11E002BF17B /* LaunchScreen.storyboard in Resources */,
				D296BBD622C2AB2F00C6239E /* Garrison.png in Resources */,
				D296BBD522C2AB2F00C6239E /* House.png in Resources */,
				D296BBB422C2AB2F00C6239E /* Lanes.png in Resources */,
				D296BBB722C2AB2F00C6239E /* CathedralChurch.png in Resources */,
				D296BBEE22C2AB2F00C6239E /* SweetRide.png in Resources */,
				D296BB9922C2AB2F00C6239E /* Building.png in Resources */,
				D296BBCF22C2AB2F00C6239E /* Liscomb.png in Resources */,
				D296BBEC22C2AB2F00C6239E /* SnowWhite.png in Resources */,
				D296BBB322C2AB2F00C6239E /* write-letter.png in Resources */,
				D296BBA922C2AB2F00C6239E /* OceanStone.png in Resources */,
				D296BB9C22C2AB2F00C6239E /* LaceyMines.png in Resources */,
				D296BBB922C2AB2F00C6239E /* 87.png in Resources */,
				D296BBDF22C2AB2F00C6239E /* Highland.png in Resources */,
				D296BB9522C2AB2F00C6239E /* Maven.png in Resources */,
				D296BBC222C2AB2F00C6239E /* 80.png in Resources */,
				D296BBBB22C2AB2F00C6239E /* GoodRobot.png in Resources */,
				D296BBE622C2AB2F00C6239E /* Oak.png in Resources */,
				D296BBDA22C2AB2F00C6239E /* homepage.jpeg in Resources */,
				D296BBB822C2AB2F00C6239E /* Lunchbox.png in Resources */,
				D296BBBD22C2AB2F00C6239E /* 120.png in Resources */,
				D296BBC122C2AB2F00C6239E /* BayFerry.png in Resources */,
				D296BBD922C2AB2F00C6239E /* DuncansPub.png in Resources */,
				D296BBC522C2AB2F00C6239E /* NewGlasgow.png in Resources */,
				D296BB9A22C2AB2F00C6239E /* Stuart.png in Resources */,
				D296BBBF22C2AB2F00C6239E /* MEC.png in Resources */,
				D296BBAC22C2AB2F00C6239E /* FacebookLogo.png in Resources */,
				D296BBCC22C2AB2F00C6239E /* UnionStreet.png in Resources */,
				D296BBEA22C2AB2F00C6239E /* Schoolhouse.png in Resources */,
				D296BBE122C2AB2F00C6239E /* Francis.png in Resources */,
				D296BBA522C2AB2F00C6239E /* Mecklenburg.png in Resources */,
				D296BBD322C2AB2F00C6239E /* Restaurant.png in Resources */,
				D296BBCE22C2AB2F00C6239E /* GardenHouse.png in Resources */,
				D296BBD022C2AB2F00C6239E /* RiverRidge.png in Resources */,
				D296BBA622C2AB2F00C6239E /* Velofix.png in Resources */,
				D296BBEF22C2AB2F00C6239E /* TangledGardens.png in Resources */,
				D296BBDE22C2AB2F00C6239E /* BearRiver.png in Resources */,
				D296BBD722C2AB2F00C6239E /* VeloBaie.png in Resources */,
				D296BBB222C2AB2F00C6239E /* The_Bicycle_Lunchbox.png in Resources */,
				D296BBA722C2AB2F00C6239E /* Bike&Bean.png in Resources */,
				D296BBE522C2AB2F00C6239E /* KaulbachHouse.png in Resources */,
				D29D3B5B22AFD11E002BF17B /* Assets.xcassets in Resources */,
				D296BBE422C2AB2F00C6239E /* Meander-Brewery.png in Resources */,
				D296BBD222C2AB2F00C6239E /* DancingGoat.png in Resources */,
				D296BBC922C2AB2F00C6239E /* Frameworks.png in Resources */,
				D296BBC422C2AB2F00C6239E /* Mabou.png in Resources */,
				D296BBC622C2AB2F00C6239E /* AKTC.png in Resources */,
				D20F14F622C15153001CBC4F /* service.php in Resources */,
				D296BBEB22C2AB2F00C6239E /* Jeffs.png in Resources */,
				D296BB9722C2AB2F00C6239E /* Logo.png in Resources */,
				D296BBA222C2AB2F00C6239E /* Northumberland.png in Resources */,
				D296BBAF22C2AB2F00C6239E /* BikeMonkey.png in Resources */,
				D296BBDC22C2AB2F00C6239E /* HeartBikes.png in Resources */,
				D27D77B522AFF2760073522C /* Podfile in Resources */,
				D296BBA422C2AB2F00C6239E /* Saltbox.png in Resources */,
				D296BBE022C2AB2F00C6239E /* BernArt.png in Resources */,
				D296BBBE22C2AB2F00C6239E /* Best-Western-Plus.png in Resources */,
				D296BBB022C2AB2F00C6239E /* eye.png in Resources */,
				D296BBAD22C2AB2F00C6239E /* Digby.png in Resources */,
				D296BBC322C2AB2F00C6239E /* HubCycle.png in Resources */,
				D296BBB122C2AB2F00C6239E /* BurlingtonRose.png in Resources */,
				D296BBAB22C2AB2F00C6239E /* Mercator-Vineyards.png in Resources */,
				D296BB9822C2AB2F00C6239E /* BicycleSpecialist.png in Resources */,
				D296BBA022C2AB2F00C6239E /* CloudNineNovelties.png in Resources */,
				D296BBE322C2AB2F00C6239E /* iFIT.png in Resources */,
				D296BBE722C2AB2F00C6239E /* HarbourGuesthouse.png in Resources */,
				D296BBB622C2AB2F00C6239E /* Cyclesmith.png in Resources */,
				D296BB9E22C2AB2F00C6239E /* RumbLine.png in Resources */,
				D296BBDD22C2AB2F00C6239E /* Kiwi.png in Resources */,
				D296BBC822C2AB2F00C6239E /* Sportwheels.png in Resources */,
				D296BBD122C2AB2F00C6239E /* Queens-Place.png in Resources */,
				D29D3B5922AFD11C002BF17B /* Main.storyboard in Resources */,
				D296BBCD22C2AB2F00C6239E /* BanksBikes.png in Resources */,
				D296BBA122C2AB2F00C6239E /* Breton.png in Resources */,
				D296BBAE22C2AB2F00C6239E /* Attraction.png in Resources */,
				D296BBA322C2AB2F00C6239E /* Scotsman.png in Resources */,
				D296BBD422C2AB2F00C6239E /* Spoke&Note.png in Resources */,
				D296BB9F22C2AB2F00C6239E /* Hants-Exhibition-Grounds.png in Resources */,
				D296BBED22C2AB2F00C6239E /* SchoolhouseBrewery.png in Resources */,
				D296BB9B22C2AB2F00C6239E /* 58.png in Resources */,
				D296BBCA22C2AB2F00C6239E /* Camping.png in Resources */,
				D296BBDB22C2AB2F00C6239E /* JavaBlend.png in Resources */,
				D296BBD822C2AB2F00C6239E /* Wiles-Lake.png in Resources */,
				D296BBB522C2AB2F00C6239E /* Cycles-Guitars.png in Resources */,
				D296BBBC22C2AB2F00C6239E /* Berwick&District.png in Resources */,
				D296BBCB22C2AB2F00C6239E /* Earltown.png in Resources */,
				D296BB9D22C2AB2F00C6239E /* Hubbards.png in Resources */,
				D296BB9622C2AB2F00C6239E /* Annapolis.png in Resources */,
				D296BBC722C2AB2F00C6239E /* OutsideOutdoor.png in Resources */,
				D296BBE222C2AB2F00C6239E /* IdealBikes.png in Resources */,
				D296BBA822C2AB2F00C6239E /* Apron.png in Resources */,
			);
			runOnlyForDeploymentPostprocessing = 0;
		};
		D29D3B6222AFD11E002BF17B /* Resources */ = {
			isa = PBXResourcesBuildPhase;
			buildActionMask = 2147483647;
			files = (
			);
			runOnlyForDeploymentPostprocessing = 0;
		};
		D29D3B6D22AFD11E002BF17B /* Resources */ = {
			isa = PBXResourcesBuildPhase;
			buildActionMask = 2147483647;
			files = (
			);
			runOnlyForDeploymentPostprocessing = 0;
		};
/* End PBXResourcesBuildPhase section */

/* Begin PBXShellScriptBuildPhase section */
		8E45111AB9DC16881CC4CB73 /* [CP] Check Pods Manifest.lock */ = {
			isa = PBXShellScriptBuildPhase;
			buildActionMask = 2147483647;
			files = (
			);
			inputFileListPaths = (
			);
			inputPaths = (
				"${PODS_PODFILE_DIR_PATH}/Podfile.lock",
				"${PODS_ROOT}/Manifest.lock",
			);
			name = "[CP] Check Pods Manifest.lock";
			outputFileListPaths = (
			);
			outputPaths = (
				"$(DERIVED_FILE_DIR)/Pods-BikeFriendlyNS-checkManifestLockResult.txt",
			);
			runOnlyForDeploymentPostprocessing = 0;
			shellPath = /bin/sh;
			shellScript = "diff \"${PODS_PODFILE_DIR_PATH}/Podfile.lock\" \"${PODS_ROOT}/Manifest.lock\" > /dev/null\nif [ $? != 0 ] ; then\n    # print error to STDERR\n    echo \"error: The sandbox is not in sync with the Podfile.lock. Run 'pod install' or update your CocoaPods installation.\" >&2\n    exit 1\nfi\n# This output is used by Xcode 'outputs' to avoid re-running this script phase.\necho \"SUCCESS\" > \"${SCRIPT_OUTPUT_FILE_0}\"\n";
			showEnvVarsInLog = 0;
		};
		9C57DE562A50A823FC605597 /* [CP] Copy Pods Resources */ = {
			isa = PBXShellScriptBuildPhase;
			buildActionMask = 2147483647;
			files = (
			);
			inputFileListPaths = (
				"${PODS_ROOT}/Target Support Files/Pods-BikeFriendlyNS/Pods-BikeFriendlyNS-resources-${CONFIGURATION}-input-files.xcfilelist",
			);
			name = "[CP] Copy Pods Resources";
			outputFileListPaths = (
				"${PODS_ROOT}/Target Support Files/Pods-BikeFriendlyNS/Pods-BikeFriendlyNS-resources-${CONFIGURATION}-output-files.xcfilelist",
			);
			runOnlyForDeploymentPostprocessing = 0;
			shellPath = /bin/sh;
			shellScript = "\"${PODS_ROOT}/Target Support Files/Pods-BikeFriendlyNS/Pods-BikeFriendlyNS-resources.sh\"\n";
			showEnvVarsInLog = 0;
		};
/* End PBXShellScriptBuildPhase section */

/* Begin PBXSourcesBuildPhase section */
		D29D3B4C22AFD11C002BF17B /* Sources */ = {
			isa = PBXSourcesBuildPhase;
			buildActionMask = 2147483647;
			files = (
				D29D3B5622AFD11C002BF17B /* HomeViewController.swift in Sources */,
				D29D3B5422AFD11C002BF17B /* AppDelegate.swift in Sources */,
				D299120222C24B4B00164FC5 /* JSONParser.swift in Sources */,
				D2DD295522B7C737002C53CC /* LocationDetailViewController.swift in Sources */,
				D20AEBC022C2A682003F6153 /* FeedbackViewController.swift in Sources */,
				D27D77AF22AFE57E0073522C /* CustomButton.swift in Sources */,
				D299120022C15BB500164FC5 /* Company.swift in Sources */,
				D21A68F722B278AB003EF706 /* MapViewController.swift in Sources */,
			);
			runOnlyForDeploymentPostprocessing = 0;
		};
		D29D3B6022AFD11E002BF17B /* Sources */ = {
			isa = PBXSourcesBuildPhase;
			buildActionMask = 2147483647;
			files = (
				D29D3B6922AFD11E002BF17B /* BikeFriendlyNSTests.swift in Sources */,
			);
			runOnlyForDeploymentPostprocessing = 0;
		};
		D29D3B6B22AFD11E002BF17B /* Sources */ = {
			isa = PBXSourcesBuildPhase;
			buildActionMask = 2147483647;
			files = (
				D29D3B7422AFD11E002BF17B /* BikeFriendlyNSUITests.swift in Sources */,
			);
			runOnlyForDeploymentPostprocessing = 0;
		};
/* End PBXSourcesBuildPhase section */

/* Begin PBXTargetDependency section */
		D29D3B6622AFD11E002BF17B /* PBXTargetDependency */ = {
			isa = PBXTargetDependency;
			target = D29D3B4F22AFD11C002BF17B /* BikeFriendlyNS */;
			targetProxy = D29D3B6522AFD11E002BF17B /* PBXContainerItemProxy */;
		};
		D29D3B7122AFD11E002BF17B /* PBXTargetDependency */ = {
			isa = PBXTargetDependency;
			target = D29D3B4F22AFD11C002BF17B /* BikeFriendlyNS */;
			targetProxy = D29D3B7022AFD11E002BF17B /* PBXContainerItemProxy */;
		};
/* End PBXTargetDependency section */

/* Begin PBXVariantGroup section */
		D29D3B5722AFD11C002BF17B /* Main.storyboard */ = {
			isa = PBXVariantGroup;
			children = (
				D29D3B5822AFD11C002BF17B /* Base */,
			);
			name = Main.storyboard;
			sourceTree = "<group>";
		};
		D29D3B5C22AFD11E002BF17B /* LaunchScreen.storyboard */ = {
			isa = PBXVariantGroup;
			children = (
				D29D3B5D22AFD11E002BF17B /* Base */,
			);
			name = LaunchScreen.storyboard;
			sourceTree = "<group>";
		};
/* End PBXVariantGroup section */

/* Begin XCBuildConfiguration section */
		D29D3B7622AFD11E002BF17B /* Debug */ = {
			isa = XCBuildConfiguration;
			buildSettings = {
				ALWAYS_SEARCH_USER_PATHS = NO;
				CLANG_ANALYZER_NONNULL = YES;
				CLANG_ANALYZER_NUMBER_OBJECT_CONVERSION = YES_AGGRESSIVE;
				CLANG_CXX_LANGUAGE_STANDARD = "gnu++14";
				CLANG_CXX_LIBRARY = "libc++";
				CLANG_ENABLE_MODULES = YES;
				CLANG_ENABLE_OBJC_ARC = YES;
				CLANG_ENABLE_OBJC_WEAK = YES;
				CLANG_WARN_BLOCK_CAPTURE_AUTORELEASING = YES;
				CLANG_WARN_BOOL_CONVERSION = YES;
				CLANG_WARN_COMMA = YES;
				CLANG_WARN_CONSTANT_CONVERSION = YES;
				CLANG_WARN_DEPRECATED_OBJC_IMPLEMENTATIONS = YES;
				CLANG_WARN_DIRECT_OBJC_ISA_USAGE = YES_ERROR;
				CLANG_WARN_DOCUMENTATION_COMMENTS = YES;
				CLANG_WARN_EMPTY_BODY = YES;
				CLANG_WARN_ENUM_CONVERSION = YES;
				CLANG_WARN_INFINITE_RECURSION = YES;
				CLANG_WARN_INT_CONVERSION = YES;
				CLANG_WARN_NON_LITERAL_NULL_CONVERSION = YES;
				CLANG_WARN_OBJC_IMPLICIT_RETAIN_SELF = YES;
				CLANG_WARN_OBJC_LITERAL_CONVERSION = YES;
				CLANG_WARN_OBJC_ROOT_CLASS = YES_ERROR;
				CLANG_WARN_RANGE_LOOP_ANALYSIS = YES;
				CLANG_WARN_STRICT_PROTOTYPES = YES;
				CLANG_WARN_SUSPICIOUS_MOVE = YES;
				CLANG_WARN_UNGUARDED_AVAILABILITY = YES_AGGRESSIVE;
				CLANG_WARN_UNREACHABLE_CODE = YES;
				CLANG_WARN__DUPLICATE_METHOD_MATCH = YES;
				CODE_SIGN_IDENTITY = "iPhone Developer";
				COPY_PHASE_STRIP = NO;
				DEBUG_INFORMATION_FORMAT = dwarf;
				ENABLE_STRICT_OBJC_MSGSEND = YES;
				ENABLE_TESTABILITY = YES;
				GCC_C_LANGUAGE_STANDARD = gnu11;
				GCC_DYNAMIC_NO_PIC = NO;
				GCC_NO_COMMON_BLOCKS = YES;
				GCC_OPTIMIZATION_LEVEL = 0;
				GCC_PREPROCESSOR_DEFINITIONS = (
					"DEBUG=1",
					"$(inherited)",
				);
				GCC_WARN_64_TO_32_BIT_CONVERSION = YES;
				GCC_WARN_ABOUT_RETURN_TYPE = YES_ERROR;
				GCC_WARN_UNDECLARED_SELECTOR = YES;
				GCC_WARN_UNINITIALIZED_AUTOS = YES_AGGRESSIVE;
				GCC_WARN_UNUSED_FUNCTION = YES;
				GCC_WARN_UNUSED_VARIABLE = YES;
				IPHONEOS_DEPLOYMENT_TARGET = 12.2;
				MTL_ENABLE_DEBUG_INFO = INCLUDE_SOURCE;
				MTL_FAST_MATH = YES;
				ONLY_ACTIVE_ARCH = YES;
				SDKROOT = iphoneos;
				SWIFT_ACTIVE_COMPILATION_CONDITIONS = DEBUG;
				SWIFT_OPTIMIZATION_LEVEL = "-Onone";
			};
			name = Debug;
		};
		D29D3B7722AFD11E002BF17B /* Release */ = {
			isa = XCBuildConfiguration;
			buildSettings = {
				ALWAYS_SEARCH_USER_PATHS = NO;
				CLANG_ANALYZER_NONNULL = YES;
				CLANG_ANALYZER_NUMBER_OBJECT_CONVERSION = YES_AGGRESSIVE;
				CLANG_CXX_LANGUAGE_STANDARD = "gnu++14";
				CLANG_CXX_LIBRARY = "libc++";
				CLANG_ENABLE_MODULES = YES;
				CLANG_ENABLE_OBJC_ARC = YES;
				CLANG_ENABLE_OBJC_WEAK = YES;
				CLANG_WARN_BLOCK_CAPTURE_AUTORELEASING = YES;
				CLANG_WARN_BOOL_CONVERSION = YES;
				CLANG_WARN_COMMA = YES;
				CLANG_WARN_CONSTANT_CONVERSION = YES;
				CLANG_WARN_DEPRECATED_OBJC_IMPLEMENTATIONS = YES;
				CLANG_WARN_DIRECT_OBJC_ISA_USAGE = YES_ERROR;
				CLANG_WARN_DOCUMENTATION_COMMENTS = YES;
				CLANG_WARN_EMPTY_BODY = YES;
				CLANG_WARN_ENUM_CONVERSION = YES;
				CLANG_WARN_INFINITE_RECURSION = YES;
				CLANG_WARN_INT_CONVERSION = YES;
				CLANG_WARN_NON_LITERAL_NULL_CONVERSION = YES;
				CLANG_WARN_OBJC_IMPLICIT_RETAIN_SELF = YES;
				CLANG_WARN_OBJC_LITERAL_CONVERSION = YES;
				CLANG_WARN_OBJC_ROOT_CLASS = YES_ERROR;
				CLANG_WARN_RANGE_LOOP_ANALYSIS = YES;
				CLANG_WARN_STRICT_PROTOTYPES = YES;
				CLANG_WARN_SUSPICIOUS_MOVE = YES;
				CLANG_WARN_UNGUARDED_AVAILABILITY = YES_AGGRESSIVE;
				CLANG_WARN_UNREACHABLE_CODE = YES;
				CLANG_WARN__DUPLICATE_METHOD_MATCH = YES;
				CODE_SIGN_IDENTITY = "iPhone Developer";
				COPY_PHASE_STRIP = NO;
				DEBUG_INFORMATION_FORMAT = "dwarf-with-dsym";
				ENABLE_NS_ASSERTIONS = NO;
				ENABLE_STRICT_OBJC_MSGSEND = YES;
				GCC_C_LANGUAGE_STANDARD = gnu11;
				GCC_NO_COMMON_BLOCKS = YES;
				GCC_WARN_64_TO_32_BIT_CONVERSION = YES;
				GCC_WARN_ABOUT_RETURN_TYPE = YES_ERROR;
				GCC_WARN_UNDECLARED_SELECTOR = YES;
				GCC_WARN_UNINITIALIZED_AUTOS = YES_AGGRESSIVE;
				GCC_WARN_UNUSED_FUNCTION = YES;
				GCC_WARN_UNUSED_VARIABLE = YES;
				IPHONEOS_DEPLOYMENT_TARGET = 12.2;
				MTL_ENABLE_DEBUG_INFO = NO;
				MTL_FAST_MATH = YES;
				SDKROOT = iphoneos;
				SWIFT_COMPILATION_MODE = wholemodule;
				SWIFT_OPTIMIZATION_LEVEL = "-O";
				VALIDATE_PRODUCT = YES;
			};
			name = Release;
		};
		D29D3B7922AFD11E002BF17B /* Debug */ = {
			isa = XCBuildConfiguration;
			baseConfigurationReference = 415E7E9CABD003DA81EBD84F /* Pods-BikeFriendlyNS.debug.xcconfig */;
			buildSettings = {
				ASSETCATALOG_COMPILER_APPICON_NAME = AppIcon;
				CODE_SIGN_STYLE = Automatic;
				DEVELOPMENT_TEAM = 87M57X5EFA;
				INFOPLIST_FILE = BIkeFriendlyNS/Info.plist;
				LD_RUNPATH_SEARCH_PATHS = (
					"$(inherited)",
					"@executable_path/Frameworks",
				);
				PRODUCT_BUNDLE_IDENTIFIER = scottsmyth.BIkeFriendlyNS;
				PRODUCT_NAME = "$(TARGET_NAME)";
				SWIFT_VERSION = 5.0;
				TARGETED_DEVICE_FAMILY = "1,2";
			};
			name = Debug;
		};
		D29D3B7A22AFD11E002BF17B /* Release */ = {
			isa = XCBuildConfiguration;
			baseConfigurationReference = B8AF5EF63A49A926D30DA0D8 /* Pods-BikeFriendlyNS.release.xcconfig */;
			buildSettings = {
				ASSETCATALOG_COMPILER_APPICON_NAME = AppIcon;
				CODE_SIGN_STYLE = Automatic;
				DEVELOPMENT_TEAM = 87M57X5EFA;
				INFOPLIST_FILE = BIkeFriendlyNS/Info.plist;
				LD_RUNPATH_SEARCH_PATHS = (
					"$(inherited)",
					"@executable_path/Frameworks",
				);
				PRODUCT_BUNDLE_IDENTIFIER = scottsmyth.BIkeFriendlyNS;
				PRODUCT_NAME = "$(TARGET_NAME)";
				SWIFT_VERSION = 5.0;
				TARGETED_DEVICE_FAMILY = "1,2";
			};
			name = Release;
		};
		D29D3B7C22AFD11E002BF17B /* Debug */ = {
			isa = XCBuildConfiguration;
			buildSettings = {
				ALWAYS_EMBED_SWIFT_STANDARD_LIBRARIES = YES;
				BUNDLE_LOADER = "$(TEST_HOST)";
				CODE_SIGN_STYLE = Automatic;
				INFOPLIST_FILE = BIkeFriendlyNSTests/Info.plist;
				LD_RUNPATH_SEARCH_PATHS = (
					"$(inherited)",
					"@executable_path/Frameworks",
					"@loader_path/Frameworks",
				);
				PRODUCT_BUNDLE_IDENTIFIER = scottsmyth.BIkeFriendlyNSTests;
				PRODUCT_NAME = "$(TARGET_NAME)";
				SWIFT_VERSION = 5.0;
				TARGETED_DEVICE_FAMILY = "1,2";
				TEST_HOST = "$(BUILT_PRODUCTS_DIR)/BikeFriendlyNS.temp_caseinsensitive_rename.app/BikeFriendlyNS.temp_caseinsensitive_rename";
			};
			name = Debug;
		};
		D29D3B7D22AFD11E002BF17B /* Release */ = {
			isa = XCBuildConfiguration;
			buildSettings = {
				ALWAYS_EMBED_SWIFT_STANDARD_LIBRARIES = YES;
				BUNDLE_LOADER = "$(TEST_HOST)";
				CODE_SIGN_STYLE = Automatic;
				INFOPLIST_FILE = BIkeFriendlyNSTests/Info.plist;
				LD_RUNPATH_SEARCH_PATHS = (
					"$(inherited)",
					"@executable_path/Frameworks",
					"@loader_path/Frameworks",
				);
				PRODUCT_BUNDLE_IDENTIFIER = scottsmyth.BIkeFriendlyNSTests;
				PRODUCT_NAME = "$(TARGET_NAME)";
				SWIFT_VERSION = 5.0;
				TARGETED_DEVICE_FAMILY = "1,2";
				TEST_HOST = "$(BUILT_PRODUCTS_DIR)/BikeFriendlyNS.temp_caseinsensitive_rename.app/BikeFriendlyNS.temp_caseinsensitive_rename";
			};
			name = Release;
		};
		D29D3B7F22AFD11E002BF17B /* Debug */ = {
			isa = XCBuildConfiguration;
			buildSettings = {
				ALWAYS_EMBED_SWIFT_STANDARD_LIBRARIES = YES;
				CODE_SIGN_STYLE = Automatic;
				INFOPLIST_FILE = BIkeFriendlyNSUITests/Info.plist;
				LD_RUNPATH_SEARCH_PATHS = (
					"$(inherited)",
					"@executable_path/Frameworks",
					"@loader_path/Frameworks",
				);
				PRODUCT_BUNDLE_IDENTIFIER = scottsmyth.BIkeFriendlyNSUITests;
				PRODUCT_NAME = "$(TARGET_NAME)";
				SWIFT_VERSION = 5.0;
				TARGETED_DEVICE_FAMILY = "1,2";
				TEST_TARGET_NAME = BIkeFriendlyNS;
			};
			name = Debug;
		};
		D29D3B8022AFD11E002BF17B /* Release */ = {
			isa = XCBuildConfiguration;
			buildSettings = {
				ALWAYS_EMBED_SWIFT_STANDARD_LIBRARIES = YES;
				CODE_SIGN_STYLE = Automatic;
				INFOPLIST_FILE = BIkeFriendlyNSUITests/Info.plist;
				LD_RUNPATH_SEARCH_PATHS = (
					"$(inherited)",
					"@executable_path/Frameworks",
					"@loader_path/Frameworks",
				);
				PRODUCT_BUNDLE_IDENTIFIER = scottsmyth.BIkeFriendlyNSUITests;
				PRODUCT_NAME = "$(TARGET_NAME)";
				SWIFT_VERSION = 5.0;
				TARGETED_DEVICE_FAMILY = "1,2";
				TEST_TARGET_NAME = BIkeFriendlyNS;
			};
			name = Release;
		};
/* End XCBuildConfiguration section */

/* Begin XCConfigurationList section */
		D29D3B4B22AFD11C002BF17B /* Build configuration list for PBXProject "BikeFriendlyNS" */ = {
			isa = XCConfigurationList;
			buildConfigurations = (
				D29D3B7622AFD11E002BF17B /* Debug */,
				D29D3B7722AFD11E002BF17B /* Release */,
			);
			defaultConfigurationIsVisible = 0;
			defaultConfigurationName = Release;
		};
		D29D3B7822AFD11E002BF17B /* Build configuration list for PBXNativeTarget "BikeFriendlyNS" */ = {
			isa = XCConfigurationList;
			buildConfigurations = (
				D29D3B7922AFD11E002BF17B /* Debug */,
				D29D3B7A22AFD11E002BF17B /* Release */,
			);
			defaultConfigurationIsVisible = 0;
			defaultConfigurationName = Release;
		};
		D29D3B7B22AFD11E002BF17B /* Build configuration list for PBXNativeTarget "BikeFriendlyNSTests" */ = {
			isa = XCConfigurationList;
			buildConfigurations = (
				D29D3B7C22AFD11E002BF17B /* Debug */,
				D29D3B7D22AFD11E002BF17B /* Release */,
			);
			defaultConfigurationIsVisible = 0;
			defaultConfigurationName = Release;
		};
		D29D3B7E22AFD11E002BF17B /* Build configuration list for PBXNativeTarget "BikeFriendlyNSUITests" */ = {
			isa = XCConfigurationList;
			buildConfigurations = (
				D29D3B7F22AFD11E002BF17B /* Debug */,
				D29D3B8022AFD11E002BF17B /* Release */,
			);
			defaultConfigurationIsVisible = 0;
			defaultConfigurationName = Release;
		};
/* End XCConfigurationList section */
	};
	rootObject = D29D3B4822AFD11C002BF17B /* Project object */;
}
